
Microsoft Visual Studio Solution File, Format Version 12.00
# Visual Studio Version 17
VisualStudioVersion = 17.4.33103.184
MinimumVisualStudioVersion = 10.0.40219.1
Project("{FAE04EC0-301F-11D3-BF4B-00C04F79EFBC}") = "APIKeyDemo", "APIKeyDemo\APIKeyDemo.csproj", "{53F86858-9A84-4F74-B7A7-2292878145A3}"
EndProject
Global
	GlobalSection(SolutionConfigurationPlatforms) = preSolution
		Debug|Any CPU = Debug|Any CPU
		Release|Any CPU = Release|Any CPU
	EndGlobalSection
	GlobalSection(ProjectConfigurationPlatforms) = postSolution
		{53F86858-9A84-4F74-B7A7-2292878145A3}.Debug|Any CPU.ActiveCfg = Debug|Any CPU
		{53F86858-9A84-4F74-B7A7-2292878145A3}.Debug|Any CPU.Build.0 = Debug|Any CPU
		{53F86858-9A84-4F74-B7A7-2292878145A3}.Release|Any CPU.ActiveCfg = Release|Any CPU
		{53F86858-9A84-4F74-B7A7-2292878145A3}.Release|Any CPU.Build.0 = Release|Any CPU
	EndGlobalSection
	GlobalSection(SolutionProperties) = preSolution
		HideSolutionNode = FALSE
	EndGlobalSection
	GlobalSection(ExtensibilityGlobals) = postSolution
		SolutionGuid = {64504EB0-C741-4E73-BD56-809C0138C4E5}
	EndGlobalSection
EndGlobal
